// !$*UTF8*$!
{
	archiveVersion = 1;
	classes = {
	};
	objectVersion = 56;
	objects = {

/* Begin PBXBuildFile section */
		18031BC92C612C1000B21678 /* AuthManager.swift in Sources */ = {isa = PBXBuildFile; fileRef = 18031BC82C612C1000B21678 /* AuthManager.swift */; };
		181680DD2C6507240066B751 /* ForgotPasswordViewController.swift in Sources */ = {isa = PBXBuildFile; fileRef = 181680DC2C6507240066B751 /* ForgotPasswordViewController.swift */; };
		181D2DB22C6B3B8800916C18 /* FavoriteViewModel.swift in Sources */ = {isa = PBXBuildFile; fileRef = 181D2DB12C6B3B8800916C18 /* FavoriteViewModel.swift */; };
		182643B02C607BC20061D422 /* APICaller.swift in Sources */ = {isa = PBXBuildFile; fileRef = 182643AF2C607BC20061D422 /* APICaller.swift */; };
		182643B22C607BDB0061D422 /* NetworkConstants.swift in Sources */ = {isa = PBXBuildFile; fileRef = 182643B12C607BDB0061D422 /* NetworkConstants.swift */; };
		182643B42C607C5A0061D422 /* AuthModel.swift in Sources */ = {isa = PBXBuildFile; fileRef = 182643B32C607C5A0061D422 /* AuthModel.swift */; };
		18560C7F2C65FE98008791AB /* ForgotPassword.storyboard in Resources */ = {isa = PBXBuildFile; fileRef = 18560C7E2C65FE98008791AB /* ForgotPassword.storyboard */; };
		18560C812C660AF0008791AB /* VerifyForgotPasswordOTPViewController.swift in Sources */ = {isa = PBXBuildFile; fileRef = 18560C802C660AF0008791AB /* VerifyForgotPasswordOTPViewController.swift */; };
		18560C832C660C73008791AB /* SetNewPasswordViewController.swift in Sources */ = {isa = PBXBuildFile; fileRef = 18560C822C660C73008791AB /* SetNewPasswordViewController.swift */; };
		1878D46C2C5F9245006B1FF9 /* LoginViewController.swift in Sources */ = {isa = PBXBuildFile; fileRef = 1878D46A2C5F9245006B1FF9 /* LoginViewController.swift */; };
		1878D46D2C5F9245006B1FF9 /* LoginViewController.xib in Resources */ = {isa = PBXBuildFile; fileRef = 1878D46B2C5F9245006B1FF9 /* LoginViewController.xib */; };
		187A86A12C5E3A2E00F70783 /* AppDelegate.swift in Sources */ = {isa = PBXBuildFile; fileRef = 187A86A02C5E3A2E00F70783 /* AppDelegate.swift */; };
		187A86A32C5E3A2E00F70783 /* SceneDelegate.swift in Sources */ = {isa = PBXBuildFile; fileRef = 187A86A22C5E3A2E00F70783 /* SceneDelegate.swift */; };
		187A86AA2C5E3A2F00F70783 /* Assets.xcassets in Resources */ = {isa = PBXBuildFile; fileRef = 187A86A92C5E3A2F00F70783 /* Assets.xcassets */; };
		187A86AD2C5E3A2F00F70783 /* Base in Resources */ = {isa = PBXBuildFile; fileRef = 187A86AC2C5E3A2F00F70783 /* Base */; };
		188092772C5FA3BA00A72B80 /* RegisterViewController.swift in Sources */ = {isa = PBXBuildFile; fileRef = 188092752C5FA3BA00A72B80 /* RegisterViewController.swift */; };
		188092782C5FA3BA00A72B80 /* RegisterViewController.xib in Resources */ = {isa = PBXBuildFile; fileRef = 188092762C5FA3BA00A72B80 /* RegisterViewController.xib */; };
		1880927A2C5FA55F00A72B80 /* UIView+Extensions.swift in Sources */ = {isa = PBXBuildFile; fileRef = 188092792C5FA55F00A72B80 /* UIView+Extensions.swift */; };
		1881F8462C6B0DBB0008E86B /* ProfileViewModel.swift in Sources */ = {isa = PBXBuildFile; fileRef = 1881F8452C6B0DBB0008E86B /* ProfileViewModel.swift */; };
		1881F8482C6B14FD0008E86B /* ProfileUpdateViewController.swift in Sources */ = {isa = PBXBuildFile; fileRef = 1881F8472C6B14FD0008E86B /* ProfileUpdateViewController.swift */; };
		1881F84B2C6B20EB0008E86B /* FavoriteCollectionViewCell.swift in Sources */ = {isa = PBXBuildFile; fileRef = 1881F84A2C6B20EB0008E86B /* FavoriteCollectionViewCell.swift */; };
		1881F84D2C6B2BFF0008E86B /* FavoriteModel.swift in Sources */ = {isa = PBXBuildFile; fileRef = 1881F84C2C6B2BFF0008E86B /* FavoriteModel.swift */; };
		1881F84F2C6B320F0008E86B /* HomeColeectionViewCell.swift in Sources */ = {isa = PBXBuildFile; fileRef = 1881F84E2C6B320F0008E86B /* HomeColeectionViewCell.swift */; };
		1881F8512C6B336E0008E86B /* HomeCategoryCollectionViewCell.swift in Sources */ = {isa = PBXBuildFile; fileRef = 1881F8502C6B336D0008E86B /* HomeCategoryCollectionViewCell.swift */; };
		1883ECD22C5F3FFC003861CA /* MainViewController.swift in Sources */ = {isa = PBXBuildFile; fileRef = 1883ECCF2C5F3FFC003861CA /* MainViewController.swift */; };
		1883ECD62C5F4285003861CA /* HomeViewController.swift in Sources */ = {isa = PBXBuildFile; fileRef = 1883ECD52C5F4285003861CA /* HomeViewController.swift */; };
		1883ECD82C5F429D003861CA /* FavoriteViewController.swift in Sources */ = {isa = PBXBuildFile; fileRef = 1883ECD72C5F429D003861CA /* FavoriteViewController.swift */; };
		1883ECDA2C5F42DC003861CA /* SearchViewController.swift in Sources */ = {isa = PBXBuildFile; fileRef = 1883ECD92C5F42DC003861CA /* SearchViewController.swift */; };
		1883ECDC2C5F43AD003861CA /* PostViewController.swift in Sources */ = {isa = PBXBuildFile; fileRef = 1883ECDB2C5F43AD003861CA /* PostViewController.swift */; };
		1883ECDE2C5F458F003861CA /* ProfileViewController.swift in Sources */ = {isa = PBXBuildFile; fileRef = 1883ECDD2C5F458F003861CA /* ProfileViewController.swift */; };
		188461862C6216E200F7737B /* SettingViewController.swift in Sources */ = {isa = PBXBuildFile; fileRef = 188461852C6216E200F7737B /* SettingViewController.swift */; };
		188461882C621AE000F7737B /* ShareProfileViewController.swift in Sources */ = {isa = PBXBuildFile; fileRef = 188461872C621AE000F7737B /* ShareProfileViewController.swift */; };
		1884618D2C6230C100F7737B /* UpdateProfileView.swift in Sources */ = {isa = PBXBuildFile; fileRef = 1884618C2C6230C100F7737B /* UpdateProfileView.swift */; };
		18C3D1472C64BB5400FA2A0E /* OTPViewController.swift in Sources */ = {isa = PBXBuildFile; fileRef = 18C3D1452C64BB5400FA2A0E /* OTPViewController.swift */; };
		18C3D1482C64BB5400FA2A0E /* OTPViewController.xib in Resources */ = {isa = PBXBuildFile; fileRef = 18C3D1462C64BB5400FA2A0E /* OTPViewController.xib */; };
		18C980DB2C64D04E001AA8A7 /* Helper.swift in Sources */ = {isa = PBXBuildFile; fileRef = 18C980DA2C64D04E001AA8A7 /* Helper.swift */; };
		18E34D8C2C5F6BDD00158FFC /* MainMessageViewController.swift in Sources */ = {isa = PBXBuildFile; fileRef = 18E34D8B2C5F6BDD00158FFC /* MainMessageViewController.swift */; };
		18FC351C2C61E6C8000E95AA /* ProfileView.swift in Sources */ = {isa = PBXBuildFile; fileRef = 18FC351B2C61E6C8000E95AA /* ProfileView.swift */; };
		9D7A9A03C34309A70BBDA80F /* Pods_RentEasy.framework in Frameworks */ = {isa = PBXBuildFile; fileRef = 44D723D6DD1D9CB768F7E11D /* Pods_RentEasy.framework */; };
/* End PBXBuildFile section */

/* Begin PBXFileReference section */
		08284246E98B35D864311D00 /* Pods-RentEasy.release.xcconfig */ = {isa = PBXFileReference; includeInIndex = 1; lastKnownFileType = text.xcconfig; name = "Pods-RentEasy.release.xcconfig"; path = "Target Support Files/Pods-RentEasy/Pods-RentEasy.release.xcconfig"; sourceTree = "<group>"; };
		18031BC82C612C1000B21678 /* AuthManager.swift */ = {isa = PBXFileReference; lastKnownFileType = sourcecode.swift; path = AuthManager.swift; sourceTree = "<group>"; };
		181680DC2C6507240066B751 /* ForgotPasswordViewController.swift */ = {isa = PBXFileReference; lastKnownFileType = sourcecode.swift; path = ForgotPasswordViewController.swift; sourceTree = "<group>"; };
		181D2DB12C6B3B8800916C18 /* FavoriteViewModel.swift */ = {isa = PBXFileReference; lastKnownFileType = sourcecode.swift; path = FavoriteViewModel.swift; sourceTree = "<group>"; };
		182643AF2C607BC20061D422 /* APICaller.swift */ = {isa = PBXFileReference; lastKnownFileType = sourcecode.swift; path = APICaller.swift; sourceTree = "<group>"; };
		182643B12C607BDB0061D422 /* NetworkConstants.swift */ = {isa = PBXFileReference; lastKnownFileType = sourcecode.swift; path = NetworkConstants.swift; sourceTree = "<group>"; };
		182643B32C607C5A0061D422 /* AuthModel.swift */ = {isa = PBXFileReference; lastKnownFileType = sourcecode.swift; path = AuthModel.swift; sourceTree = "<group>"; };
		18560C7E2C65FE98008791AB /* ForgotPassword.storyboard */ = {isa = PBXFileReference; lastKnownFileType = file.storyboard; path = ForgotPassword.storyboard; sourceTree = "<group>"; };
		18560C802C660AF0008791AB /* VerifyForgotPasswordOTPViewController.swift */ = {isa = PBXFileReference; lastKnownFileType = sourcecode.swift; path = VerifyForgotPasswordOTPViewController.swift; sourceTree = "<group>"; };
		18560C822C660C73008791AB /* SetNewPasswordViewController.swift */ = {isa = PBXFileReference; lastKnownFileType = sourcecode.swift; path = SetNewPasswordViewController.swift; sourceTree = "<group>"; };
		1878D46A2C5F9245006B1FF9 /* LoginViewController.swift */ = {isa = PBXFileReference; lastKnownFileType = sourcecode.swift; path = LoginViewController.swift; sourceTree = "<group>"; };
		1878D46B2C5F9245006B1FF9 /* LoginViewController.xib */ = {isa = PBXFileReference; lastKnownFileType = file.xib; path = LoginViewController.xib; sourceTree = "<group>"; };
		187A869D2C5E3A2E00F70783 /* RentEasy.app */ = {isa = PBXFileReference; explicitFileType = wrapper.application; includeInIndex = 0; path = RentEasy.app; sourceTree = BUILT_PRODUCTS_DIR; };
		187A86A02C5E3A2E00F70783 /* AppDelegate.swift */ = {isa = PBXFileReference; lastKnownFileType = sourcecode.swift; path = AppDelegate.swift; sourceTree = "<group>"; };
		187A86A22C5E3A2E00F70783 /* SceneDelegate.swift */ = {isa = PBXFileReference; lastKnownFileType = sourcecode.swift; path = SceneDelegate.swift; sourceTree = "<group>"; };
		187A86A92C5E3A2F00F70783 /* Assets.xcassets */ = {isa = PBXFileReference; lastKnownFileType = folder.assetcatalog; path = Assets.xcassets; sourceTree = "<group>"; };
		187A86AC2C5E3A2F00F70783 /* Base */ = {isa = PBXFileReference; lastKnownFileType = file.storyboard; name = Base; path = Base.lproj/LaunchScreen.storyboard; sourceTree = "<group>"; };
		187A86AE2C5E3A2F00F70783 /* Info.plist */ = {isa = PBXFileReference; lastKnownFileType = text.plist.xml; path = Info.plist; sourceTree = "<group>"; };
		188092752C5FA3BA00A72B80 /* RegisterViewController.swift */ = {isa = PBXFileReference; lastKnownFileType = sourcecode.swift; path = RegisterViewController.swift; sourceTree = "<group>"; };
		188092762C5FA3BA00A72B80 /* RegisterViewController.xib */ = {isa = PBXFileReference; lastKnownFileType = file.xib; path = RegisterViewController.xib; sourceTree = "<group>"; };
		188092792C5FA55F00A72B80 /* UIView+Extensions.swift */ = {isa = PBXFileReference; lastKnownFileType = sourcecode.swift; path = "UIView+Extensions.swift"; sourceTree = "<group>"; };
		1881F8452C6B0DBB0008E86B /* ProfileViewModel.swift */ = {isa = PBXFileReference; lastKnownFileType = sourcecode.swift; path = ProfileViewModel.swift; sourceTree = "<group>"; };
		1881F8472C6B14FD0008E86B /* ProfileUpdateViewController.swift */ = {isa = PBXFileReference; lastKnownFileType = sourcecode.swift; path = ProfileUpdateViewController.swift; sourceTree = "<group>"; };
		1881F84A2C6B20EB0008E86B /* FavoriteCollectionViewCell.swift */ = {isa = PBXFileReference; lastKnownFileType = sourcecode.swift; path = FavoriteCollectionViewCell.swift; sourceTree = "<group>"; };
		1881F84C2C6B2BFF0008E86B /* FavoriteModel.swift */ = {isa = PBXFileReference; lastKnownFileType = sourcecode.swift; path = FavoriteModel.swift; sourceTree = "<group>"; };
		1881F84E2C6B320F0008E86B /* HomeColeectionViewCell.swift */ = {isa = PBXFileReference; lastKnownFileType = sourcecode.swift; path = HomeColeectionViewCell.swift; sourceTree = "<group>"; };
		1881F8502C6B336D0008E86B /* HomeCategoryCollectionViewCell.swift */ = {isa = PBXFileReference; lastKnownFileType = sourcecode.swift; path = HomeCategoryCollectionViewCell.swift; sourceTree = "<group>"; };
		1883ECCF2C5F3FFC003861CA /* MainViewController.swift */ = {isa = PBXFileReference; lastKnownFileType = sourcecode.swift; path = MainViewController.swift; sourceTree = "<group>"; };
		1883ECD52C5F4285003861CA /* HomeViewController.swift */ = {isa = PBXFileReference; lastKnownFileType = sourcecode.swift; path = HomeViewController.swift; sourceTree = "<group>"; };
		1883ECD72C5F429D003861CA /* FavoriteViewController.swift */ = {isa = PBXFileReference; lastKnownFileType = sourcecode.swift; path = FavoriteViewController.swift; sourceTree = "<group>"; };
		1883ECD92C5F42DC003861CA /* SearchViewController.swift */ = {isa = PBXFileReference; lastKnownFileType = sourcecode.swift; path = SearchViewController.swift; sourceTree = "<group>"; };
		1883ECDB2C5F43AD003861CA /* PostViewController.swift */ = {isa = PBXFileReference; lastKnownFileType = sourcecode.swift; path = PostViewController.swift; sourceTree = "<group>"; };
		1883ECDD2C5F458F003861CA /* ProfileViewController.swift */ = {isa = PBXFileReference; lastKnownFileType = sourcecode.swift; path = ProfileViewController.swift; sourceTree = "<group>"; };
		188461852C6216E200F7737B /* SettingViewController.swift */ = {isa = PBXFileReference; lastKnownFileType = sourcecode.swift; path = SettingViewController.swift; sourceTree = "<group>"; };
		188461872C621AE000F7737B /* ShareProfileViewController.swift */ = {isa = PBXFileReference; lastKnownFileType = sourcecode.swift; path = ShareProfileViewController.swift; sourceTree = "<group>"; };
		1884618C2C6230C100F7737B /* UpdateProfileView.swift */ = {isa = PBXFileReference; lastKnownFileType = sourcecode.swift; path = UpdateProfileView.swift; sourceTree = "<group>"; };
		18C3D1452C64BB5400FA2A0E /* OTPViewController.swift */ = {isa = PBXFileReference; lastKnownFileType = sourcecode.swift; path = OTPViewController.swift; sourceTree = "<group>"; };
		18C3D1462C64BB5400FA2A0E /* OTPViewController.xib */ = {isa = PBXFileReference; lastKnownFileType = file.xib; path = OTPViewController.xib; sourceTree = "<group>"; };
		18C980DA2C64D04E001AA8A7 /* Helper.swift */ = {isa = PBXFileReference; lastKnownFileType = sourcecode.swift; path = Helper.swift; sourceTree = "<group>"; };
		18E34D8B2C5F6BDD00158FFC /* MainMessageViewController.swift */ = {isa = PBXFileReference; lastKnownFileType = sourcecode.swift; path = MainMessageViewController.swift; sourceTree = "<group>"; };
		18FC351B2C61E6C8000E95AA /* ProfileView.swift */ = {isa = PBXFileReference; lastKnownFileType = sourcecode.swift; path = ProfileView.swift; sourceTree = "<group>"; };
		44D723D6DD1D9CB768F7E11D /* Pods_RentEasy.framework */ = {isa = PBXFileReference; explicitFileType = wrapper.framework; includeInIndex = 0; path = Pods_RentEasy.framework; sourceTree = BUILT_PRODUCTS_DIR; };
		F5094FD38A93697830F6FC64 /* Pods-RentEasy.debug.xcconfig */ = {isa = PBXFileReference; includeInIndex = 1; lastKnownFileType = text.xcconfig; name = "Pods-RentEasy.debug.xcconfig"; path = "Target Support Files/Pods-RentEasy/Pods-RentEasy.debug.xcconfig"; sourceTree = "<group>"; };
/* End PBXFileReference section */

/* Begin PBXFrameworksBuildPhase section */
		187A869A2C5E3A2E00F70783 /* Frameworks */ = {
			isa = PBXFrameworksBuildPhase;
			buildActionMask = 2147483647;
			files = (
				9D7A9A03C34309A70BBDA80F /* Pods_RentEasy.framework in Frameworks */,
			);
			runOnlyForDeploymentPostprocessing = 0;
		};
/* End PBXFrameworksBuildPhase section */

/* Begin PBXGroup section */
		18031BC72C612BF900B21678 /* utilize */ = {
			isa = PBXGroup;
			children = (
				18031BC82C612C1000B21678 /* AuthManager.swift */,
				18C980DA2C64D04E001AA8A7 /* Helper.swift */,
			);
			path = utilize;
			sourceTree = "<group>";
		};
		181680DB2C6507000066B751 /* ForgotPassword */ = {
			isa = PBXGroup;
			children = (
				181680DC2C6507240066B751 /* ForgotPasswordViewController.swift */,
				18560C7E2C65FE98008791AB /* ForgotPassword.storyboard */,
				18560C802C660AF0008791AB /* VerifyForgotPasswordOTPViewController.swift */,
				18560C822C660C73008791AB /* SetNewPasswordViewController.swift */,
			);
			path = ForgotPassword;
			sourceTree = "<group>";
		};
		187A86942C5E3A2E00F70783 = {
			isa = PBXGroup;
			children = (
				187A869F2C5E3A2E00F70783 /* RentEasy */,
				187A869E2C5E3A2E00F70783 /* Products */,
				B95C1F86AD8D1431E2BA0568 /* Pods */,
				DCDFCAA93A3421DC8B4264C2 /* Frameworks */,
			);
			sourceTree = "<group>";
		};
		187A869E2C5E3A2E00F70783 /* Products */ = {
			isa = PBXGroup;
			children = (
				187A869D2C5E3A2E00F70783 /* RentEasy.app */,
			);
			name = Products;
			sourceTree = "<group>";
		};
		187A869F2C5E3A2E00F70783 /* RentEasy */ = {
			isa = PBXGroup;
			children = (
				1881F8442C6B0DAC0008E86B /* ViewModels */,
				18031BC72C612BF900B21678 /* utilize */,
				18886E152C5E475A00182182 /* Networking */,
				18886E132C5E473C00182182 /* Extentions */,
				18886E102C5E415900182182 /* View */,
				18886E0F2C5E415200182182 /* Controllers */,
				18886E0E2C5E414D00182182 /* Models */,
				18886E0C2C5E411F00182182 /* Recources */,
				187A86A02C5E3A2E00F70783 /* AppDelegate.swift */,
				187A86A22C5E3A2E00F70783 /* SceneDelegate.swift */,
				187A86AE2C5E3A2F00F70783 /* Info.plist */,
			);
			path = RentEasy;
			sourceTree = "<group>";
		};
		1881F8442C6B0DAC0008E86B /* ViewModels */ = {
			isa = PBXGroup;
			children = (
				1881F8452C6B0DBB0008E86B /* ProfileViewModel.swift */,
				181D2DB12C6B3B8800916C18 /* FavoriteViewModel.swift */,
			);
			path = ViewModels;
			sourceTree = "<group>";
		};
		1881F8492C6B20DC0008E86B /* CollectionViewCell */ = {
			isa = PBXGroup;
			children = (
				1881F84A2C6B20EB0008E86B /* FavoriteCollectionViewCell.swift */,
				1881F84E2C6B320F0008E86B /* HomeColeectionViewCell.swift */,
				1881F8502C6B336D0008E86B /* HomeCategoryCollectionViewCell.swift */,
			);
			path = CollectionViewCell;
			sourceTree = "<group>";
		};
		1884618B2C62269D00F7737B /* Setting */ = {
			isa = PBXGroup;
			children = (
				188461852C6216E200F7737B /* SettingViewController.swift */,
			);
			path = Setting;
			sourceTree = "<group>";
		};
		18886E0C2C5E411F00182182 /* Recources */ = {
			isa = PBXGroup;
			children = (
				187A86A92C5E3A2F00F70783 /* Assets.xcassets */,
			);
			path = Recources;
			sourceTree = "<group>";
		};
		18886E0E2C5E414D00182182 /* Models */ = {
			isa = PBXGroup;
			children = (
				182643B32C607C5A0061D422 /* AuthModel.swift */,
				1881F84C2C6B2BFF0008E86B /* FavoriteModel.swift */,
			);
			path = Models;
			sourceTree = "<group>";
		};
		18886E0F2C5E415200182182 /* Controllers */ = {
			isa = PBXGroup;
			children = (
				1884618B2C62269D00F7737B /* Setting */,
				18FC351D2C61F702000E95AA /* ProfileViewController */,
				18E34D8D2C5F71C800158FFC /* Auth */,
				18E34D8A2C5F6BC900158FFC /* MainMessageController */,
				18886E122C5E417100182182 /* MainViewController */,
				1883ECD52C5F4285003861CA /* HomeViewController.swift */,
				1883ECD72C5F429D003861CA /* FavoriteViewController.swift */,
				1883ECD92C5F42DC003861CA /* SearchViewController.swift */,
				1883ECDB2C5F43AD003861CA /* PostViewController.swift */,
			);
			path = Controllers;
			sourceTree = "<group>";
		};
		18886E102C5E415900182182 /* View */ = {
			isa = PBXGroup;
			children = (
				1881F8492C6B20DC0008E86B /* CollectionViewCell */,
				187A86AB2C5E3A2F00F70783 /* LaunchScreen.storyboard */,
				18FC351B2C61E6C8000E95AA /* ProfileView.swift */,
				1884618C2C6230C100F7737B /* UpdateProfileView.swift */,
			);
			path = View;
			sourceTree = "<group>";
		};
		18886E122C5E417100182182 /* MainViewController */ = {
			isa = PBXGroup;
			children = (
				1883ECCF2C5F3FFC003861CA /* MainViewController.swift */,
			);
			path = MainViewController;
			sourceTree = "<group>";
		};
		18886E132C5E473C00182182 /* Extentions */ = {
			isa = PBXGroup;
			children = (
				188092792C5FA55F00A72B80 /* UIView+Extensions.swift */,
			);
			path = Extentions;
			sourceTree = "<group>";
		};
		18886E152C5E475A00182182 /* Networking */ = {
			isa = PBXGroup;
			children = (
				182643AF2C607BC20061D422 /* APICaller.swift */,
				182643B12C607BDB0061D422 /* NetworkConstants.swift */,
			);
			path = Networking;
			sourceTree = "<group>";
		};
		18E34D8A2C5F6BC900158FFC /* MainMessageController */ = {
			isa = PBXGroup;
			children = (
				18E34D8B2C5F6BDD00158FFC /* MainMessageViewController.swift */,
			);
			path = MainMessageController;
			sourceTree = "<group>";
		};
		18E34D8D2C5F71C800158FFC /* Auth */ = {
			isa = PBXGroup;
			children = (
				181680DB2C6507000066B751 /* ForgotPassword */,
				1878D46A2C5F9245006B1FF9 /* LoginViewController.swift */,
				1878D46B2C5F9245006B1FF9 /* LoginViewController.xib */,
				188092752C5FA3BA00A72B80 /* RegisterViewController.swift */,
				188092762C5FA3BA00A72B80 /* RegisterViewController.xib */,
				18C3D1452C64BB5400FA2A0E /* OTPViewController.swift */,
				18C3D1462C64BB5400FA2A0E /* OTPViewController.xib */,
			);
			path = Auth;
			sourceTree = "<group>";
		};
		18FC351D2C61F702000E95AA /* ProfileViewController */ = {
			isa = PBXGroup;
			children = (
				1883ECDD2C5F458F003861CA /* ProfileViewController.swift */,
				188461872C621AE000F7737B /* ShareProfileViewController.swift */,
				1881F8472C6B14FD0008E86B /* ProfileUpdateViewController.swift */,
			);
			path = ProfileViewController;
			sourceTree = "<group>";
		};
		B95C1F86AD8D1431E2BA0568 /* Pods */ = {
			isa = PBXGroup;
			children = (
				F5094FD38A93697830F6FC64 /* Pods-RentEasy.debug.xcconfig */,
				08284246E98B35D864311D00 /* Pods-RentEasy.release.xcconfig */,
			);
			path = Pods;
			sourceTree = "<group>";
		};
		DCDFCAA93A3421DC8B4264C2 /* Frameworks */ = {
			isa = PBXGroup;
			children = (
				44D723D6DD1D9CB768F7E11D /* Pods_RentEasy.framework */,
			);
			name = Frameworks;
			sourceTree = "<group>";
		};
/* End PBXGroup section */

/* Begin PBXNativeTarget section */
		187A869C2C5E3A2E00F70783 /* RentEasy */ = {
			isa = PBXNativeTarget;
			buildConfigurationList = 187A86B12C5E3A2F00F70783 /* Build configuration list for PBXNativeTarget "RentEasy" */;
			buildPhases = (
				35D8C29302CE1CE4BAB3E43A /* [CP] Check Pods Manifest.lock */,
				187A86992C5E3A2E00F70783 /* Sources */,
				187A869A2C5E3A2E00F70783 /* Frameworks */,
				187A869B2C5E3A2E00F70783 /* Resources */,
				7C0DA26F6FD7C4ED4956F9DE /* [CP] Embed Pods Frameworks */,
			);
			buildRules = (
			);
			dependencies = (
			);
			name = RentEasy;
			productName = RentEasy;
			productReference = 187A869D2C5E3A2E00F70783 /* RentEasy.app */;
			productType = "com.apple.product-type.application";
		};
/* End PBXNativeTarget section */

/* Begin PBXProject section */
		187A86952C5E3A2E00F70783 /* Project object */ = {
			isa = PBXProject;
			attributes = {
				BuildIndependentTargetsInParallel = 1;
				LastSwiftUpdateCheck = 1540;
				LastUpgradeCheck = 1540;
				TargetAttributes = {
					187A869C2C5E3A2E00F70783 = {
						CreatedOnToolsVersion = 15.4;
					};
				};
			};
			buildConfigurationList = 187A86982C5E3A2E00F70783 /* Build configuration list for PBXProject "RentEasy" */;
			compatibilityVersion = "Xcode 14.0";
			developmentRegion = en;
			hasScannedForEncodings = 0;
			knownRegions = (
				en,
				Base,
			);
			mainGroup = 187A86942C5E3A2E00F70783;
			productRefGroup = 187A869E2C5E3A2E00F70783 /* Products */;
			projectDirPath = "";
			projectRoot = "";
			targets = (
				187A869C2C5E3A2E00F70783 /* RentEasy */,
			);
		};
/* End PBXProject section */

/* Begin PBXResourcesBuildPhase section */
		187A869B2C5E3A2E00F70783 /* Resources */ = {
			isa = PBXResourcesBuildPhase;
			buildActionMask = 2147483647;
			files = (
				18C3D1482C64BB5400FA2A0E /* OTPViewController.xib in Resources */,
				187A86AA2C5E3A2F00F70783 /* Assets.xcassets in Resources */,
				187A86AD2C5E3A2F00F70783 /* Base in Resources */,
				1878D46D2C5F9245006B1FF9 /* LoginViewController.xib in Resources */,
				18560C7F2C65FE98008791AB /* ForgotPassword.storyboard in Resources */,
				188092782C5FA3BA00A72B80 /* RegisterViewController.xib in Resources */,
			);
			runOnlyForDeploymentPostprocessing = 0;
		};
/* End PBXResourcesBuildPhase section */

/* Begin PBXShellScriptBuildPhase section */
		35D8C29302CE1CE4BAB3E43A /* [CP] Check Pods Manifest.lock */ = {
			isa = PBXShellScriptBuildPhase;
			buildActionMask = 2147483647;
			files = (
			);
			inputFileListPaths = (
			);
			inputPaths = (
				"${PODS_PODFILE_DIR_PATH}/Podfile.lock",
				"${PODS_ROOT}/Manifest.lock",
			);
			name = "[CP] Check Pods Manifest.lock";
			outputFileListPaths = (
			);
			outputPaths = (
				"$(DERIVED_FILE_DIR)/Pods-RentEasy-checkManifestLockResult.txt",
			);
			runOnlyForDeploymentPostprocessing = 0;
			shellPath = /bin/sh;
			shellScript = "diff \"${PODS_PODFILE_DIR_PATH}/Podfile.lock\" \"${PODS_ROOT}/Manifest.lock\" > /dev/null\nif [ $? != 0 ] ; then\n    # print error to STDERR\n    echo \"error: The sandbox is not in sync with the Podfile.lock. Run 'pod install' or update your CocoaPods installation.\" >&2\n    exit 1\nfi\n# This output is used by Xcode 'outputs' to avoid re-running this script phase.\necho \"SUCCESS\" > \"${SCRIPT_OUTPUT_FILE_0}\"\n";
			showEnvVarsInLog = 0;
		};
		7C0DA26F6FD7C4ED4956F9DE /* [CP] Embed Pods Frameworks */ = {
			isa = PBXShellScriptBuildPhase;
			buildActionMask = 2147483647;
			files = (
			);
			inputFileListPaths = (
				"${PODS_ROOT}/Target Support Files/Pods-RentEasy/Pods-RentEasy-frameworks-${CONFIGURATION}-input-files.xcfilelist",
			);
			name = "[CP] Embed Pods Frameworks";
			outputFileListPaths = (
				"${PODS_ROOT}/Target Support Files/Pods-RentEasy/Pods-RentEasy-frameworks-${CONFIGURATION}-output-files.xcfilelist",
			);
			runOnlyForDeploymentPostprocessing = 0;
			shellPath = /bin/sh;
			shellScript = "\"${PODS_ROOT}/Target Support Files/Pods-RentEasy/Pods-RentEasy-frameworks.sh\"\n";
			showEnvVarsInLog = 0;
		};
/* End PBXShellScriptBuildPhase section */

/* Begin PBXSourcesBuildPhase section */
		187A86992C5E3A2E00F70783 /* Sources */ = {
			isa = PBXSourcesBuildPhase;
			buildActionMask = 2147483647;
			files = (
				188461882C621AE000F7737B /* ShareProfileViewController.swift in Sources */,
				182643B22C607BDB0061D422 /* NetworkConstants.swift in Sources */,
				1883ECDA2C5F42DC003861CA /* SearchViewController.swift in Sources */,
				1881F8462C6B0DBB0008E86B /* ProfileViewModel.swift in Sources */,
				1881F84B2C6B20EB0008E86B /* FavoriteCollectionViewCell.swift in Sources */,
				188092772C5FA3BA00A72B80 /* RegisterViewController.swift in Sources */,
				182643B02C607BC20061D422 /* APICaller.swift in Sources */,
				18560C832C660C73008791AB /* SetNewPasswordViewController.swift in Sources */,
				1884618D2C6230C100F7737B /* UpdateProfileView.swift in Sources */,
				1883ECD22C5F3FFC003861CA /* MainViewController.swift in Sources */,
				1881F84F2C6B320F0008E86B /* HomeColeectionViewCell.swift in Sources */,
				18560C812C660AF0008791AB /* VerifyForgotPasswordOTPViewController.swift in Sources */,
				181680DD2C6507240066B751 /* ForgotPasswordViewController.swift in Sources */,
				1883ECDC2C5F43AD003861CA /* PostViewController.swift in Sources */,
				1881F8512C6B336E0008E86B /* HomeCategoryCollectionViewCell.swift in Sources */,
				1881F8482C6B14FD0008E86B /* ProfileUpdateViewController.swift in Sources */,
				18E34D8C2C5F6BDD00158FFC /* MainMessageViewController.swift in Sources */,
				187A86A12C5E3A2E00F70783 /* AppDelegate.swift in Sources */,
				1880927A2C5FA55F00A72B80 /* UIView+Extensions.swift in Sources */,
				1881F84D2C6B2BFF0008E86B /* FavoriteModel.swift in Sources */,
				18FC351C2C61E6C8000E95AA /* ProfileView.swift in Sources */,
				18031BC92C612C1000B21678 /* AuthManager.swift in Sources */,
				187A86A32C5E3A2E00F70783 /* SceneDelegate.swift in Sources */,
				1883ECD62C5F4285003861CA /* HomeViewController.swift in Sources */,
				1883ECDE2C5F458F003861CA /* ProfileViewController.swift in Sources */,
				1878D46C2C5F9245006B1FF9 /* LoginViewController.swift in Sources */,
				18C3D1472C64BB5400FA2A0E /* OTPViewController.swift in Sources */,
				188461862C6216E200F7737B /* SettingViewController.swift in Sources */,
				18C980DB2C64D04E001AA8A7 /* Helper.swift in Sources */,
				1883ECD82C5F429D003861CA /* FavoriteViewController.swift in Sources */,
				181D2DB22C6B3B8800916C18 /* FavoriteViewModel.swift in Sources */,
				182643B42C607C5A0061D422 /* AuthModel.swift in Sources */,
			);
			runOnlyForDeploymentPostprocessing = 0;
		};
/* End PBXSourcesBuildPhase section */

/* Begin PBXVariantGroup section */
		187A86AB2C5E3A2F00F70783 /* LaunchScreen.storyboard */ = {
			isa = PBXVariantGroup;
			children = (
				187A86AC2C5E3A2F00F70783 /* Base */,
			);
			name = LaunchScreen.storyboard;
			sourceTree = "<group>";
		};
/* End PBXVariantGroup section */

/* Begin XCBuildConfiguration section */
		187A86AF2C5E3A2F00F70783 /* Debug */ = {
			isa = XCBuildConfiguration;
			buildSettings = {
				ALWAYS_SEARCH_USER_PATHS = NO;
				ASSETCATALOG_COMPILER_GENERATE_SWIFT_ASSET_SYMBOL_EXTENSIONS = YES;
				CLANG_ANALYZER_NONNULL = YES;
				CLANG_ANALYZER_NUMBER_OBJECT_CONVERSION = YES_AGGRESSIVE;
				CLANG_CXX_LANGUAGE_STANDARD = "gnu++20";
				CLANG_ENABLE_MODULES = YES;
				CLANG_ENABLE_OBJC_ARC = YES;
				CLANG_ENABLE_OBJC_WEAK = YES;
				CLANG_WARN_BLOCK_CAPTURE_AUTORELEASING = YES;
				CLANG_WARN_BOOL_CONVERSION = YES;
				CLANG_WARN_COMMA = YES;
				CLANG_WARN_CONSTANT_CONVERSION = YES;
				CLANG_WARN_DEPRECATED_OBJC_IMPLEMENTATIONS = YES;
				CLANG_WARN_DIRECT_OBJC_ISA_USAGE = YES_ERROR;
				CLANG_WARN_DOCUMENTATION_COMMENTS = YES;
				CLANG_WARN_EMPTY_BODY = YES;
				CLANG_WARN_ENUM_CONVERSION = YES;
				CLANG_WARN_INFINITE_RECURSION = YES;
				CLANG_WARN_INT_CONVERSION = YES;
				CLANG_WARN_NON_LITERAL_NULL_CONVERSION = YES;
				CLANG_WARN_OBJC_IMPLICIT_RETAIN_SELF = YES;
				CLANG_WARN_OBJC_LITERAL_CONVERSION = YES;
				CLANG_WARN_OBJC_ROOT_CLASS = YES_ERROR;
				CLANG_WARN_QUOTED_INCLUDE_IN_FRAMEWORK_HEADER = YES;
				CLANG_WARN_RANGE_LOOP_ANALYSIS = YES;
				CLANG_WARN_STRICT_PROTOTYPES = YES;
				CLANG_WARN_SUSPICIOUS_MOVE = YES;
				CLANG_WARN_UNGUARDED_AVAILABILITY = YES_AGGRESSIVE;
				CLANG_WARN_UNREACHABLE_CODE = YES;
				CLANG_WARN__DUPLICATE_METHOD_MATCH = YES;
				COPY_PHASE_STRIP = NO;
				DEBUG_INFORMATION_FORMAT = dwarf;
				ENABLE_STRICT_OBJC_MSGSEND = YES;
				ENABLE_TESTABILITY = YES;
				ENABLE_USER_SCRIPT_SANDBOXING = YES;
				GCC_C_LANGUAGE_STANDARD = gnu17;
				GCC_DYNAMIC_NO_PIC = NO;
				GCC_NO_COMMON_BLOCKS = YES;
				GCC_OPTIMIZATION_LEVEL = 0;
				GCC_PREPROCESSOR_DEFINITIONS = (
					"DEBUG=1",
					"$(inherited)",
				);
				GCC_WARN_64_TO_32_BIT_CONVERSION = YES;
				GCC_WARN_ABOUT_RETURN_TYPE = YES_ERROR;
				GCC_WARN_UNDECLARED_SELECTOR = YES;
				GCC_WARN_UNINITIALIZED_AUTOS = YES_AGGRESSIVE;
				GCC_WARN_UNUSED_FUNCTION = YES;
				GCC_WARN_UNUSED_VARIABLE = YES;
				IPHONEOS_DEPLOYMENT_TARGET = 13.0;
				LOCALIZATION_PREFERS_STRING_CATALOGS = YES;
				MTL_ENABLE_DEBUG_INFO = INCLUDE_SOURCE;
				MTL_FAST_MATH = YES;
				ONLY_ACTIVE_ARCH = YES;
				SDKROOT = iphoneos;
				SWIFT_ACTIVE_COMPILATION_CONDITIONS = "DEBUG $(inherited)";
				SWIFT_OPTIMIZATION_LEVEL = "-Onone";
			};
			name = Debug;
		};
		187A86B02C5E3A2F00F70783 /* Release */ = {
			isa = XCBuildConfiguration;
			buildSettings = {
				ALWAYS_SEARCH_USER_PATHS = NO;
				ASSETCATALOG_COMPILER_GENERATE_SWIFT_ASSET_SYMBOL_EXTENSIONS = YES;
				CLANG_ANALYZER_NONNULL = YES;
				CLANG_ANALYZER_NUMBER_OBJECT_CONVERSION = YES_AGGRESSIVE;
				CLANG_CXX_LANGUAGE_STANDARD = "gnu++20";
				CLANG_ENABLE_MODULES = YES;
				CLANG_ENABLE_OBJC_ARC = YES;
				CLANG_ENABLE_OBJC_WEAK = YES;
				CLANG_WARN_BLOCK_CAPTURE_AUTORELEASING = YES;
				CLANG_WARN_BOOL_CONVERSION = YES;
				CLANG_WARN_COMMA = YES;
				CLANG_WARN_CONSTANT_CONVERSION = YES;
				CLANG_WARN_DEPRECATED_OBJC_IMPLEMENTATIONS = YES;
				CLANG_WARN_DIRECT_OBJC_ISA_USAGE = YES_ERROR;
				CLANG_WARN_DOCUMENTATION_COMMENTS = YES;
				CLANG_WARN_EMPTY_BODY = YES;
				CLANG_WARN_ENUM_CONVERSION = YES;
				CLANG_WARN_INFINITE_RECURSION = YES;
				CLANG_WARN_INT_CONVERSION = YES;
				CLANG_WARN_NON_LITERAL_NULL_CONVERSION = YES;
				CLANG_WARN_OBJC_IMPLICIT_RETAIN_SELF = YES;
				CLANG_WARN_OBJC_LITERAL_CONVERSION = YES;
				CLANG_WARN_OBJC_ROOT_CLASS = YES_ERROR;
				CLANG_WARN_QUOTED_INCLUDE_IN_FRAMEWORK_HEADER = YES;
				CLANG_WARN_RANGE_LOOP_ANALYSIS = YES;
				CLANG_WARN_STRICT_PROTOTYPES = YES;
				CLANG_WARN_SUSPICIOUS_MOVE = YES;
				CLANG_WARN_UNGUARDED_AVAILABILITY = YES_AGGRESSIVE;
				CLANG_WARN_UNREACHABLE_CODE = YES;
				CLANG_WARN__DUPLICATE_METHOD_MATCH = YES;
				COPY_PHASE_STRIP = NO;
				DEBUG_INFORMATION_FORMAT = "dwarf-with-dsym";
				ENABLE_NS_ASSERTIONS = NO;
				ENABLE_STRICT_OBJC_MSGSEND = YES;
				ENABLE_USER_SCRIPT_SANDBOXING = YES;
				GCC_C_LANGUAGE_STANDARD = gnu17;
				GCC_NO_COMMON_BLOCKS = YES;
				GCC_WARN_64_TO_32_BIT_CONVERSION = YES;
				GCC_WARN_ABOUT_RETURN_TYPE = YES_ERROR;
				GCC_WARN_UNDECLARED_SELECTOR = YES;
				GCC_WARN_UNINITIALIZED_AUTOS = YES_AGGRESSIVE;
				GCC_WARN_UNUSED_FUNCTION = YES;
				GCC_WARN_UNUSED_VARIABLE = YES;
				IPHONEOS_DEPLOYMENT_TARGET = 13.0;
				LOCALIZATION_PREFERS_STRING_CATALOGS = YES;
				MTL_ENABLE_DEBUG_INFO = NO;
				MTL_FAST_MATH = YES;
				SDKROOT = iphoneos;
				SWIFT_COMPILATION_MODE = wholemodule;
				VALIDATE_PRODUCT = YES;
			};
			name = Release;
		};
		187A86B22C5E3A2F00F70783 /* Debug */ = {
			isa = XCBuildConfiguration;
			baseConfigurationReference = F5094FD38A93697830F6FC64 /* Pods-RentEasy.debug.xcconfig */;
			buildSettings = {
				ASSETCATALOG_COMPILER_APPICON_NAME = AppIcon;
				ASSETCATALOG_COMPILER_GLOBAL_ACCENT_COLOR_NAME = AccentColor;
				CODE_SIGN_STYLE = Automatic;
				CURRENT_PROJECT_VERSION = 1;
				ENABLE_USER_SCRIPT_SANDBOXING = NO;
				GENERATE_INFOPLIST_FILE = YES;
				INFOPLIST_FILE = RentEasy/Info.plist;
				INFOPLIST_KEY_UIApplicationSupportsIndirectInputEvents = YES;
				INFOPLIST_KEY_UILaunchStoryboardName = LaunchScreen;
				INFOPLIST_KEY_UISupportedInterfaceOrientations_iPad = "UIInterfaceOrientationPortrait UIInterfaceOrientationPortraitUpsideDown UIInterfaceOrientationLandscapeLeft UIInterfaceOrientationLandscapeRight";
				INFOPLIST_KEY_UISupportedInterfaceOrientations_iPhone = "UIInterfaceOrientationPortrait UIInterfaceOrientationLandscapeLeft UIInterfaceOrientationLandscapeRight";
				IPHONEOS_DEPLOYMENT_TARGET = 13.0;
				LD_RUNPATH_SEARCH_PATHS = (
					"$(inherited)",
					"@executable_path/Frameworks",
				);
				MARKETING_VERSION = 1.0;
				PRODUCT_BUNDLE_IDENTIFIER = com.RentEasy;
				PRODUCT_NAME = "$(TARGET_NAME)";
				SWIFT_EMIT_LOC_STRINGS = YES;
				SWIFT_VERSION = 5.0;
				TARGETED_DEVICE_FAMILY = "1,2";
			};
			name = Debug;
		};
		187A86B32C5E3A2F00F70783 /* Release */ = {
			isa = XCBuildConfiguration;
			baseConfigurationReference = 08284246E98B35D864311D00 /* Pods-RentEasy.release.xcconfig */;
			buildSettings = {
				ASSETCATALOG_COMPILER_APPICON_NAME = AppIcon;
				ASSETCATALOG_COMPILER_GLOBAL_ACCENT_COLOR_NAME = AccentColor;
				CODE_SIGN_STYLE = Automatic;
				CURRENT_PROJECT_VERSION = 1;
				ENABLE_USER_SCRIPT_SANDBOXING = NO;
				GENERATE_INFOPLIST_FILE = YES;
				INFOPLIST_FILE = RentEasy/Info.plist;
				INFOPLIST_KEY_UIApplicationSupportsIndirectInputEvents = YES;
				INFOPLIST_KEY_UILaunchStoryboardName = LaunchScreen;
				INFOPLIST_KEY_UISupportedInterfaceOrientations_iPad = "UIInterfaceOrientationPortrait UIInterfaceOrientationPortraitUpsideDown UIInterfaceOrientationLandscapeLeft UIInterfaceOrientationLandscapeRight";
				INFOPLIST_KEY_UISupportedInterfaceOrientations_iPhone = "UIInterfaceOrientationPortrait UIInterfaceOrientationLandscapeLeft UIInterfaceOrientationLandscapeRight";
				IPHONEOS_DEPLOYMENT_TARGET = 13.0;
				LD_RUNPATH_SEARCH_PATHS = (
					"$(inherited)",
					"@executable_path/Frameworks",
				);
				MARKETING_VERSION = 1.0;
				PRODUCT_BUNDLE_IDENTIFIER = com.RentEasy;
				PRODUCT_NAME = "$(TARGET_NAME)";
				SWIFT_EMIT_LOC_STRINGS = YES;
				SWIFT_VERSION = 5.0;
				TARGETED_DEVICE_FAMILY = "1,2";
			};
			name = Release;
		};
/* End XCBuildConfiguration section */

/* Begin XCConfigurationList section */
		187A86982C5E3A2E00F70783 /* Build configuration list for PBXProject "RentEasy" */ = {
			isa = XCConfigurationList;
			buildConfigurations = (
				187A86AF2C5E3A2F00F70783 /* Debug */,
				187A86B02C5E3A2F00F70783 /* Release */,
			);
			defaultConfigurationIsVisible = 0;
			defaultConfigurationName = Release;
		};
		187A86B12C5E3A2F00F70783 /* Build configuration list for PBXNativeTarget "RentEasy" */ = {
			isa = XCConfigurationList;
			buildConfigurations = (
				187A86B22C5E3A2F00F70783 /* Debug */,
				187A86B32C5E3A2F00F70783 /* Release */,
			);
			defaultConfigurationIsVisible = 0;
			defaultConfigurationName = Release;
		};
/* End XCConfigurationList section */
	};
	rootObject = 187A86952C5E3A2E00F70783 /* Project object */;
}
